PODS:
  - dartzmq (0.0.1):
    - FlutterMacOS
  - FlutterMacOS (1.0.0)

DEPENDENCIES:
  - dartzmq (from `Flutter/ephemeral/.symlinks/plugins/dartzmq/macos`)
  - FlutterMacOS (from `Flutter/ephemeral`)

EXTERNAL SOURCES:
  dartzmq:
    :path: Flutter/ephemeral/.symlinks/plugins/dartzmq/macos
  FlutterMacOS:
    :path: Flutter/ephemeral

SPEC CHECKSUMS:
  dartzmq: 56b95df923ced4fb92fdb9fc1e9adf5944b45a69
  FlutterMacOS: 8f6f14fa908a6fb3fba0cd85dbd81ec4b251fb24

PODFILE CHECKSUM: 236401fc2c932af29a9fcf0e97baeeb2d750d367

COCOAPODS: 1.12.1
